
Microsoft Visual Studio Solution File, Format Version 12.00
# Visual Studio Version 17
VisualStudioVersion = 17.9.34728.123
MinimumVisualStudioVersion = 10.0.40219.1
Project("{FAE04EC0-301F-11D3-BF4B-00C04F79EFBC}") = "Emlak_Api", "Emlak\Emlak_Api.csproj", "{7C430225-2CFB-4ACB-A20E-115B690EDCEE}"
EndProject
Project("{FAE04EC0-301F-11D3-BF4B-00C04F79EFBC}") = "Emlak_UI", "Emlak_UI\Emlak_UI.csproj", "{A91AFB12-D74A-42AF-B9E9-9E10ACDC7ACA}"
EndProject
Global
	GlobalSection(SolutionConfigurationPlatforms) = preSolution
		Debug|Any CPU = Debug|Any CPU
		Release|Any CPU = Release|Any CPU
	EndGlobalSection
	GlobalSection(ProjectConfigurationPlatforms) = postSolution
		{7C430225-2CFB-4ACB-A20E-115B690EDCEE}.Debug|Any CPU.ActiveCfg = Debug|Any CPU
		{7C430225-2CFB-4ACB-A20E-115B690EDCEE}.Debug|Any CPU.Build.0 = Debug|Any CPU
		{7C430225-2CFB-4ACB-A20E-115B690EDCEE}.Release|Any CPU.ActiveCfg = Release|Any CPU
		{7C430225-2CFB-4ACB-A20E-115B690EDCEE}.Release|Any CPU.Build.0 = Release|Any CPU
		{A91AFB12-D74A-42AF-B9E9-9E10ACDC7ACA}.Debug|Any CPU.ActiveCfg = Debug|Any CPU
		{A91AFB12-D74A-42AF-B9E9-9E10ACDC7ACA}.Debug|Any CPU.Build.0 = Debug|Any CPU
		{A91AFB12-D74A-42AF-B9E9-9E10ACDC7ACA}.Release|Any CPU.ActiveCfg = Release|Any CPU
		{A91AFB12-D74A-42AF-B9E9-9E10ACDC7ACA}.Release|Any CPU.Build.0 = Release|Any CPU
	EndGlobalSection
	GlobalSection(SolutionProperties) = preSolution
		HideSolutionNode = FALSE
	EndGlobalSection
	GlobalSection(ExtensibilityGlobals) = postSolution
		SolutionGuid = {BE8A7195-3B7D-45B8-ABC3-F5E638F479AA}
	EndGlobalSection
EndGlobal
